
Microsoft Visual Studio Solution File, Format Version 12.00
# Visual Studio 15
VisualStudioVersion = 15.0.28307.572
MinimumVisualStudioVersion = 10.0.40219.1
Project("{2150E333-8FDC-42A3-9474-1A3956D46DE8}") = "0 - Presentaition", "0 - Presentaition", "{E87576A4-8DD7-4452-A3CB-B03A0982FCB2}"
EndProject
Project("{2150E333-8FDC-42A3-9474-1A3956D46DE8}") = "1 - Services", "1 - Services", "{AF9FD80B-AB53-4FDB-A748-2AD5E358CF4D}"
EndProject
Project("{2150E333-8FDC-42A3-9474-1A3956D46DE8}") = "2 - Aplication", "2 - Aplication", "{2EC4BC5D-71F6-4310-BF5B-9923B9E009FA}"
EndProject
Project("{2150E333-8FDC-42A3-9474-1A3956D46DE8}") = "3 - Domain", "3 - Domain", "{950206B8-D655-4ACB-ADDD-FCEB35688719}"
EndProject
Project("{2150E333-8FDC-42A3-9474-1A3956D46DE8}") = "4 - Infra", "4 - Infra", "{28F30B6A-DAA1-46BF-A464-683B1E41A90F}"
EndProject
Project("{2150E333-8FDC-42A3-9474-1A3956D46DE8}") = "4.1 - Data", "4.1 - Data", "{4067D19F-2243-4110-A418-7CB2E614A6FB}"
EndProject
Project("{2150E333-8FDC-42A3-9474-1A3956D46DE8}") = "4.1 - CossCutting", "4.1 - CossCutting", "{0478703E-653A-4066-8410-6DEE93A6FFF8}"
EndProject
Project("{FAE04EC0-301F-11D3-BF4B-00C04F79EFBC}") = "ProjetoModeloDDD.MVC", "ProjetoModeloDDD.MVC\ProjetoModeloDDD.MVC.csproj", "{F1A81A16-917E-455B-B07D-DE583FDE113C}"
EndProject
Project("{FAE04EC0-301F-11D3-BF4B-00C04F79EFBC}") = "ProjetoModelo.Domain", "ProjetoModelo.Domain\ProjetoModelo.Domain.csproj", "{4815BC1A-3157-4ADB-86E2-FD83DFFB0F16}"
EndProject
Project("{FAE04EC0-301F-11D3-BF4B-00C04F79EFBC}") = "ProjetoModeloDDD.Infra.Data", "ProjetoModeloDDD.Infra.Data\ProjetoModeloDDD.Infra.Data.csproj", "{B3050D8A-DF97-43BF-A154-7E9152FF4F6F}"
EndProject
Project("{FAE04EC0-301F-11D3-BF4B-00C04F79EFBC}") = "ProjetoModeloDDD.Aplication", "ProjetoModeloDDD.Aplication\ProjetoModeloDDD.Aplication.csproj", "{FC86AA7D-02C0-4202-81D4-455E854DDF21}"
EndProject
Project("{2150E333-8FDC-42A3-9474-1A3956D46DE8}") = "Entityes", "Entityes", "{05A7AE7B-D339-4C81-A7DE-81666704AC9B}"
	ProjectSection(SolutionItems) = preProject
		Cliente.cs = Cliente.cs
	EndProjectSection
EndProject
Project("{2150E333-8FDC-42A3-9474-1A3956D46DE8}") = "Enterfaces", "Enterfaces", "{B6C569E3-04E9-4A7C-A178-363B255BEF57}"
EndProject
Project("{2150E333-8FDC-42A3-9474-1A3956D46DE8}") = "Services", "Services", "{81CCFEE0-227F-49E9-B329-9B04AE234EFA}"
EndProject
Project("{2150E333-8FDC-42A3-9474-1A3956D46DE8}") = "Contexto", "Contexto", "{8B1F85D9-0C33-4EBA-98B0-1005EA384840}"
	ProjectSection(SolutionItems) = preProject
		ProjetoModeloDDD.Contexto.cs = ProjetoModeloDDD.Contexto.cs
	EndProjectSection
EndProject
Project("{2150E333-8FDC-42A3-9474-1A3956D46DE8}") = "Repos", "Repos", "{E5FDE652-B575-4DD9-8D4C-0BDECA31F6E3}"
EndProject
Project("{2150E333-8FDC-42A3-9474-1A3956D46DE8}") = "EntityConfig", "EntityConfig", "{B7E6B726-2331-47BB-9418-DC80F964DA88}"
EndProject
Global
	GlobalSection(SolutionConfigurationPlatforms) = preSolution
		Debug|Any CPU = Debug|Any CPU
		Debug|ARM = Debug|ARM
		Debug|ARM64 = Debug|ARM64
		Debug|x64 = Debug|x64
		Debug|x86 = Debug|x86
		Release|Any CPU = Release|Any CPU
		Release|ARM = Release|ARM
		Release|ARM64 = Release|ARM64
		Release|x64 = Release|x64
		Release|x86 = Release|x86
	EndGlobalSection
	GlobalSection(ProjectConfigurationPlatforms) = postSolution
		{F1A81A16-917E-455B-B07D-DE583FDE113C}.Debug|Any CPU.ActiveCfg = Debug|Any CPU
		{F1A81A16-917E-455B-B07D-DE583FDE113C}.Debug|Any CPU.Build.0 = Debug|Any CPU
		{F1A81A16-917E-455B-B07D-DE583FDE113C}.Debug|ARM.ActiveCfg = Debug|Any CPU
		{F1A81A16-917E-455B-B07D-DE583FDE113C}.Debug|ARM.Build.0 = Debug|Any CPU
		{F1A81A16-917E-455B-B07D-DE583FDE113C}.Debug|ARM64.ActiveCfg = Debug|Any CPU
		{F1A81A16-917E-455B-B07D-DE583FDE113C}.Debug|ARM64.Build.0 = Debug|Any CPU
		{F1A81A16-917E-455B-B07D-DE583FDE113C}.Debug|x64.ActiveCfg = Debug|Any CPU
		{F1A81A16-917E-455B-B07D-DE583FDE113C}.Debug|x64.Build.0 = Debug|Any CPU
		{F1A81A16-917E-455B-B07D-DE583FDE113C}.Debug|x86.ActiveCfg = Debug|Any CPU
		{F1A81A16-917E-455B-B07D-DE583FDE113C}.Debug|x86.Build.0 = Debug|Any CPU
		{F1A81A16-917E-455B-B07D-DE583FDE113C}.Release|Any CPU.ActiveCfg = Release|Any CPU
		{F1A81A16-917E-455B-B07D-DE583FDE113C}.Release|Any CPU.Build.0 = Release|Any CPU
		{F1A81A16-917E-455B-B07D-DE583FDE113C}.Release|ARM.ActiveCfg = Release|Any CPU
		{F1A81A16-917E-455B-B07D-DE583FDE113C}.Release|ARM.Build.0 = Release|Any CPU
		{F1A81A16-917E-455B-B07D-DE583FDE113C}.Release|ARM64.ActiveCfg = Release|Any CPU
		{F1A81A16-917E-455B-B07D-DE583FDE113C}.Release|ARM64.Build.0 = Release|Any CPU
		{F1A81A16-917E-455B-B07D-DE583FDE113C}.Release|x64.ActiveCfg = Release|Any CPU
		{F1A81A16-917E-455B-B07D-DE583FDE113C}.Release|x64.Build.0 = Release|Any CPU
		{F1A81A16-917E-455B-B07D-DE583FDE113C}.Release|x86.ActiveCfg = Release|Any CPU
		{F1A81A16-917E-455B-B07D-DE583FDE113C}.Release|x86.Build.0 = Release|Any CPU
		{4815BC1A-3157-4ADB-86E2-FD83DFFB0F16}.Debug|Any CPU.ActiveCfg = Debug|Any CPU
		{4815BC1A-3157-4ADB-86E2-FD83DFFB0F16}.Debug|Any CPU.Build.0 = Debug|Any CPU
		{4815BC1A-3157-4ADB-86E2-FD83DFFB0F16}.Debug|ARM.ActiveCfg = Debug|Any CPU
		{4815BC1A-3157-4ADB-86E2-FD83DFFB0F16}.Debug|ARM.Build.0 = Debug|Any CPU
		{4815BC1A-3157-4ADB-86E2-FD83DFFB0F16}.Debug|ARM64.ActiveCfg = Debug|Any CPU
		{4815BC1A-3157-4ADB-86E2-FD83DFFB0F16}.Debug|ARM64.Build.0 = Debug|Any CPU
		{4815BC1A-3157-4ADB-86E2-FD83DFFB0F16}.Debug|x64.ActiveCfg = Debug|Any CPU
		{4815BC1A-3157-4ADB-86E2-FD83DFFB0F16}.Debug|x64.Build.0 = Debug|Any CPU
		{4815BC1A-3157-4ADB-86E2-FD83DFFB0F16}.Debug|x86.ActiveCfg = Debug|Any CPU
		{4815BC1A-3157-4ADB-86E2-FD83DFFB0F16}.Debug|x86.Build.0 = Debug|Any CPU
		{4815BC1A-3157-4ADB-86E2-FD83DFFB0F16}.Release|Any CPU.ActiveCfg = Release|Any CPU
		{4815BC1A-3157-4ADB-86E2-FD83DFFB0F16}.Release|Any CPU.Build.0 = Release|Any CPU
		{4815BC1A-3157-4ADB-86E2-FD83DFFB0F16}.Release|ARM.ActiveCfg = Release|Any CPU
		{4815BC1A-3157-4ADB-86E2-FD83DFFB0F16}.Release|ARM.Build.0 = Release|Any CPU
		{4815BC1A-3157-4ADB-86E2-FD83DFFB0F16}.Release|ARM64.ActiveCfg = Release|Any CPU
		{4815BC1A-3157-4ADB-86E2-FD83DFFB0F16}.Release|ARM64.Build.0 = Release|Any CPU
		{4815BC1A-3157-4ADB-86E2-FD83DFFB0F16}.Release|x64.ActiveCfg = Release|Any CPU
		{4815BC1A-3157-4ADB-86E2-FD83DFFB0F16}.Release|x64.Build.0 = Release|Any CPU
		{4815BC1A-3157-4ADB-86E2-FD83DFFB0F16}.Release|x86.ActiveCfg = Release|Any CPU
		{4815BC1A-3157-4ADB-86E2-FD83DFFB0F16}.Release|x86.Build.0 = Release|Any CPU
		{B3050D8A-DF97-43BF-A154-7E9152FF4F6F}.Debug|Any CPU.ActiveCfg = Debug|Any CPU
		{B3050D8A-DF97-43BF-A154-7E9152FF4F6F}.Debug|Any CPU.Build.0 = Debug|Any CPU
		{B3050D8A-DF97-43BF-A154-7E9152FF4F6F}.Debug|ARM.ActiveCfg = Debug|Any CPU
		{B3050D8A-DF97-43BF-A154-7E9152FF4F6F}.Debug|ARM.Build.0 = Debug|Any CPU
		{B3050D8A-DF97-43BF-A154-7E9152FF4F6F}.Debug|ARM64.ActiveCfg = Debug|Any CPU
		{B3050D8A-DF97-43BF-A154-7E9152FF4F6F}.Debug|ARM64.Build.0 = Debug|Any CPU
		{B3050D8A-DF97-43BF-A154-7E9152FF4F6F}.Debug|x64.ActiveCfg = Debug|Any CPU
		{B3050D8A-DF97-43BF-A154-7E9152FF4F6F}.Debug|x64.Build.0 = Debug|Any CPU
		{B3050D8A-DF97-43BF-A154-7E9152FF4F6F}.Debug|x86.ActiveCfg = Debug|Any CPU
		{B3050D8A-DF97-43BF-A154-7E9152FF4F6F}.Debug|x86.Build.0 = Debug|Any CPU
		{B3050D8A-DF97-43BF-A154-7E9152FF4F6F}.Release|Any CPU.ActiveCfg = Release|Any CPU
		{B3050D8A-DF97-43BF-A154-7E9152FF4F6F}.Release|Any CPU.Build.0 = Release|Any CPU
		{B3050D8A-DF97-43BF-A154-7E9152FF4F6F}.Release|ARM.ActiveCfg = Release|Any CPU
		{B3050D8A-DF97-43BF-A154-7E9152FF4F6F}.Release|ARM.Build.0 = Release|Any CPU
		{B3050D8A-DF97-43BF-A154-7E9152FF4F6F}.Release|ARM64.ActiveCfg = Release|Any CPU
		{B3050D8A-DF97-43BF-A154-7E9152FF4F6F}.Release|ARM64.Build.0 = Release|Any CPU
		{B3050D8A-DF97-43BF-A154-7E9152FF4F6F}.Release|x64.ActiveCfg = Release|Any CPU
		{B3050D8A-DF97-43BF-A154-7E9152FF4F6F}.Release|x64.Build.0 = Release|Any CPU
		{B3050D8A-DF97-43BF-A154-7E9152FF4F6F}.Release|x86.ActiveCfg = Release|Any CPU
		{B3050D8A-DF97-43BF-A154-7E9152FF4F6F}.Release|x86.Build.0 = Release|Any CPU
		{FC86AA7D-02C0-4202-81D4-455E854DDF21}.Debug|Any CPU.ActiveCfg = Debug|Any CPU
		{FC86AA7D-02C0-4202-81D4-455E854DDF21}.Debug|Any CPU.Build.0 = Debug|Any CPU
		{FC86AA7D-02C0-4202-81D4-455E854DDF21}.Debug|ARM.ActiveCfg = Debug|Any CPU
		{FC86AA7D-02C0-4202-81D4-455E854DDF21}.Debug|ARM.Build.0 = Debug|Any CPU
		{FC86AA7D-02C0-4202-81D4-455E854DDF21}.Debug|ARM64.ActiveCfg = Debug|Any CPU
		{FC86AA7D-02C0-4202-81D4-455E854DDF21}.Debug|ARM64.Build.0 = Debug|Any CPU
		{FC86AA7D-02C0-4202-81D4-455E854DDF21}.Debug|x64.ActiveCfg = Debug|Any CPU
		{FC86AA7D-02C0-4202-81D4-455E854DDF21}.Debug|x64.Build.0 = Debug|Any CPU
		{FC86AA7D-02C0-4202-81D4-455E854DDF21}.Debug|x86.ActiveCfg = Debug|Any CPU
		{FC86AA7D-02C0-4202-81D4-455E854DDF21}.Debug|x86.Build.0 = Debug|Any CPU
		{FC86AA7D-02C0-4202-81D4-455E854DDF21}.Release|Any CPU.ActiveCfg = Release|Any CPU
		{FC86AA7D-02C0-4202-81D4-455E854DDF21}.Release|Any CPU.Build.0 = Release|Any CPU
		{FC86AA7D-02C0-4202-81D4-455E854DDF21}.Release|ARM.ActiveCfg = Release|Any CPU
		{FC86AA7D-02C0-4202-81D4-455E854DDF21}.Release|ARM.Build.0 = Release|Any CPU
		{FC86AA7D-02C0-4202-81D4-455E854DDF21}.Release|ARM64.ActiveCfg = Release|Any CPU
		{FC86AA7D-02C0-4202-81D4-455E854DDF21}.Release|ARM64.Build.0 = Release|Any CPU
		{FC86AA7D-02C0-4202-81D4-455E854DDF21}.Release|x64.ActiveCfg = Release|Any CPU
		{FC86AA7D-02C0-4202-81D4-455E854DDF21}.Release|x64.Build.0 = Release|Any CPU
		{FC86AA7D-02C0-4202-81D4-455E854DDF21}.Release|x86.ActiveCfg = Release|Any CPU
		{FC86AA7D-02C0-4202-81D4-455E854DDF21}.Release|x86.Build.0 = Release|Any CPU
	EndGlobalSection
	GlobalSection(SolutionProperties) = preSolution
		HideSolutionNode = FALSE
	EndGlobalSection
	GlobalSection(NestedProjects) = preSolution
		{AF9FD80B-AB53-4FDB-A748-2AD5E358CF4D} = {2EC4BC5D-71F6-4310-BF5B-9923B9E009FA}
		{4067D19F-2243-4110-A418-7CB2E614A6FB} = {28F30B6A-DAA1-46BF-A464-683B1E41A90F}
		{0478703E-653A-4066-8410-6DEE93A6FFF8} = {28F30B6A-DAA1-46BF-A464-683B1E41A90F}
		{F1A81A16-917E-455B-B07D-DE583FDE113C} = {E87576A4-8DD7-4452-A3CB-B03A0982FCB2}
		{4815BC1A-3157-4ADB-86E2-FD83DFFB0F16} = {950206B8-D655-4ACB-ADDD-FCEB35688719}
		{B3050D8A-DF97-43BF-A154-7E9152FF4F6F} = {4067D19F-2243-4110-A418-7CB2E614A6FB}
		{FC86AA7D-02C0-4202-81D4-455E854DDF21} = {2EC4BC5D-71F6-4310-BF5B-9923B9E009FA}
		{05A7AE7B-D339-4C81-A7DE-81666704AC9B} = {950206B8-D655-4ACB-ADDD-FCEB35688719}
		{B6C569E3-04E9-4A7C-A178-363B255BEF57} = {950206B8-D655-4ACB-ADDD-FCEB35688719}
		{81CCFEE0-227F-49E9-B329-9B04AE234EFA} = {950206B8-D655-4ACB-ADDD-FCEB35688719}
		{8B1F85D9-0C33-4EBA-98B0-1005EA384840} = {4067D19F-2243-4110-A418-7CB2E614A6FB}
		{E5FDE652-B575-4DD9-8D4C-0BDECA31F6E3} = {4067D19F-2243-4110-A418-7CB2E614A6FB}
		{B7E6B726-2331-47BB-9418-DC80F964DA88} = {4067D19F-2243-4110-A418-7CB2E614A6FB}
	EndGlobalSection
	GlobalSection(ExtensibilityGlobals) = postSolution
		SolutionGuid = {9BE34782-9F86-4DF5-A92C-4F385AD0AD38}
	EndGlobalSection
EndGlobal
